
Microsoft Visual Studio Solution File, Format Version 12.00
# Visual Studio Version 16
VisualStudioVersion = 16.0.30114.105
MinimumVisualStudioVersion = 10.0.40219.1
Project("{9A19103F-16F7-4668-BE54-9A1E7A4F7556}") = "CareerCloud.Pocos", "CareerCloud.Pocos\CareerCloud.Pocos.csproj", "{6AAE172D-6455-48CC-BF97-23707A773B74}"
EndProject
Project("{9A19103F-16F7-4668-BE54-9A1E7A4F7556}") = "CareerCloudCore.UnitTests.Assignment1", "CareerCloudCore.UnitTests.Assignment1\CareerCloudCore.UnitTests.Assignment1\CareerCloudCore.UnitTests.Assignment1.csproj", "{BEF4771E-57DB-423B-9EB6-8351FB3F017A}"
EndProject
Project("{9A19103F-16F7-4668-BE54-9A1E7A4F7556}") = "CareerCloud.DataAccessLayer", "CareerCloud.DataAccessLayer\CareerCloud.DataAccessLayer.csproj", "{A641965B-4443-4929-97C3-8210CC5D13DD}"
EndProject
Project("{9A19103F-16F7-4668-BE54-9A1E7A4F7556}") = "CareerCloud.ADODataAccessLayer", "CareerCloud.ADODataAccessLayer\CareerCloud.ADODataAccessLayer.csproj", "{504993A0-64CC-4B35-BB7C-BCCBEA68AAEB}"
EndProject
Project("{9A19103F-16F7-4668-BE54-9A1E7A4F7556}") = "CareerCloudCore.UnitTests.Assignment2", "..\CareerCloudCore.UnitTests.Assignment2\CareerCloudCore.UnitTests.Assignment2.csproj", "{5A5AFFFF-B6B5-41F3-B76D-C570B922FC07}"
EndProject
Project("{9A19103F-16F7-4668-BE54-9A1E7A4F7556}") = "CareerCloudCore.UnitTests.Assignment3", "CareerCloudCore.UnitTests.Assignment3\CareerCloudCore.UnitTests.Assignment3.csproj", "{294E2505-975F-4188-96D1-15B74BE2A5A5}"
EndProject
Project("{9A19103F-16F7-4668-BE54-9A1E7A4F7556}") = "CareerCloud.BusinessLogicLayer", "CareerCloud.BusinessLogicLayer\CareerCloud.BusinessLogicLayer.csproj", "{6573624F-B6A7-4CEF-9475-0019E500AE20}"
EndProject
Project("{FAE04EC0-301F-11D3-BF4B-00C04F79EFBC}") = "CareerCloud.EntityFrameworkDataAccess", "CareerCloud.EntityFrameworkDataAccess\CareerCloud.EntityFrameworkDataAccess.csproj", "{7DBBC129-0FBC-4424-BD21-265DB546455A}"
EndProject
Global
	GlobalSection(SolutionConfigurationPlatforms) = preSolution
		Debug|Any CPU = Debug|Any CPU
		Release|Any CPU = Release|Any CPU
	EndGlobalSection
	GlobalSection(ProjectConfigurationPlatforms) = postSolution
		{6AAE172D-6455-48CC-BF97-23707A773B74}.Debug|Any CPU.ActiveCfg = Debug|Any CPU
		{6AAE172D-6455-48CC-BF97-23707A773B74}.Debug|Any CPU.Build.0 = Debug|Any CPU
		{6AAE172D-6455-48CC-BF97-23707A773B74}.Release|Any CPU.ActiveCfg = Release|Any CPU
		{6AAE172D-6455-48CC-BF97-23707A773B74}.Release|Any CPU.Build.0 = Release|Any CPU
		{BEF4771E-57DB-423B-9EB6-8351FB3F017A}.Debug|Any CPU.ActiveCfg = Debug|Any CPU
		{BEF4771E-57DB-423B-9EB6-8351FB3F017A}.Debug|Any CPU.Build.0 = Debug|Any CPU
		{BEF4771E-57DB-423B-9EB6-8351FB3F017A}.Release|Any CPU.ActiveCfg = Release|Any CPU
		{BEF4771E-57DB-423B-9EB6-8351FB3F017A}.Release|Any CPU.Build.0 = Release|Any CPU
		{A641965B-4443-4929-97C3-8210CC5D13DD}.Debug|Any CPU.ActiveCfg = Debug|Any CPU
		{A641965B-4443-4929-97C3-8210CC5D13DD}.Debug|Any CPU.Build.0 = Debug|Any CPU
		{A641965B-4443-4929-97C3-8210CC5D13DD}.Release|Any CPU.ActiveCfg = Release|Any CPU
		{A641965B-4443-4929-97C3-8210CC5D13DD}.Release|Any CPU.Build.0 = Release|Any CPU
		{504993A0-64CC-4B35-BB7C-BCCBEA68AAEB}.Debug|Any CPU.ActiveCfg = Debug|Any CPU
		{504993A0-64CC-4B35-BB7C-BCCBEA68AAEB}.Debug|Any CPU.Build.0 = Debug|Any CPU
		{504993A0-64CC-4B35-BB7C-BCCBEA68AAEB}.Release|Any CPU.ActiveCfg = Release|Any CPU
		{504993A0-64CC-4B35-BB7C-BCCBEA68AAEB}.Release|Any CPU.Build.0 = Release|Any CPU
		{5A5AFFFF-B6B5-41F3-B76D-C570B922FC07}.Debug|Any CPU.ActiveCfg = Debug|Any CPU
		{5A5AFFFF-B6B5-41F3-B76D-C570B922FC07}.Debug|Any CPU.Build.0 = Debug|Any CPU
		{5A5AFFFF-B6B5-41F3-B76D-C570B922FC07}.Release|Any CPU.ActiveCfg = Release|Any CPU
		{5A5AFFFF-B6B5-41F3-B76D-C570B922FC07}.Release|Any CPU.Build.0 = Release|Any CPU
		{294E2505-975F-4188-96D1-15B74BE2A5A5}.Debug|Any CPU.ActiveCfg = Debug|Any CPU
		{294E2505-975F-4188-96D1-15B74BE2A5A5}.Debug|Any CPU.Build.0 = Debug|Any CPU
		{294E2505-975F-4188-96D1-15B74BE2A5A5}.Release|Any CPU.ActiveCfg = Release|Any CPU
		{294E2505-975F-4188-96D1-15B74BE2A5A5}.Release|Any CPU.Build.0 = Release|Any CPU
		{6573624F-B6A7-4CEF-9475-0019E500AE20}.Debug|Any CPU.ActiveCfg = Debug|Any CPU
		{6573624F-B6A7-4CEF-9475-0019E500AE20}.Debug|Any CPU.Build.0 = Debug|Any CPU
		{6573624F-B6A7-4CEF-9475-0019E500AE20}.Release|Any CPU.ActiveCfg = Release|Any CPU
		{6573624F-B6A7-4CEF-9475-0019E500AE20}.Release|Any CPU.Build.0 = Release|Any CPU
		{7DBBC129-0FBC-4424-BD21-265DB546455A}.Debug|Any CPU.ActiveCfg = Debug|Any CPU
		{7DBBC129-0FBC-4424-BD21-265DB546455A}.Debug|Any CPU.Build.0 = Debug|Any CPU
		{7DBBC129-0FBC-4424-BD21-265DB546455A}.Release|Any CPU.ActiveCfg = Release|Any CPU
		{7DBBC129-0FBC-4424-BD21-265DB546455A}.Release|Any CPU.Build.0 = Release|Any CPU
	EndGlobalSection
	GlobalSection(SolutionProperties) = preSolution
		HideSolutionNode = FALSE
	EndGlobalSection
	GlobalSection(ExtensibilityGlobals) = postSolution
		SolutionGuid = {69BC04D4-C01A-45D5-841F-92A02903B713}
	EndGlobalSection
EndGlobal
